Microsoft Visual Studio Solution File, Format Version 12.00
# Visual Studio Version 17
VisualStudioVersion = 17.5.2.0
MinimumVisualStudioVersion = 10.0.40219.1
Project("{FAE04EC0-301F-11D3-BF4B-00C04F79EFBC}") = "AcumaticaApiClient", "AcumaticaApiClient.csproj", "{D3B4982E-42DC-1B9D-BDCE-3808D03A1268}"
EndProject
Global
	GlobalSection(SolutionConfigurationPlatforms) = preSolution
		Debug|Any CPU = Debug|Any CPU
		Release|Any CPU = Release|Any CPU
	EndGlobalSection
	GlobalSection(ProjectConfigurationPlatforms) = postSolution
		{D3B4982E-42DC-1B9D-BDCE-3808D03A1268}.Debug|Any CPU.ActiveCfg = Debug|Any CPU
		{D3B4982E-42DC-1B9D-BDCE-3808D03A1268}.Debug|Any CPU.Build.0 = Debug|Any CPU
		{D3B4982E-42DC-1B9D-BDCE-3808D03A1268}.Release|Any CPU.ActiveCfg = Release|Any CPU
		{D3B4982E-42DC-1B9D-BDCE-3808D03A1268}.Release|Any CPU.Build.0 = Release|Any CPU
	EndGlobalSection
	GlobalSection(SolutionProperties) = preSolution
		HideSolutionNode = FALSE
	EndGlobalSection
	GlobalSection(ExtensibilityGlobals) = postSolution
		SolutionGuid = {591951D3-639B-44B0-9A54-FF4FB2C4EB33}
	EndGlobalSection
EndGlobal
